# THIS IS AN AUTOGENERATED FILE. DO NOT EDIT THIS FILE DIRECTLY.
# yarn lockfile v1


lodash@^4.17.21:
  version "4.17.21"
  resolved "https://registry.yarnpkg.com/lodash/-/lodash-4.17.21.tgz#679591c564c3bffaae8454cf0b3df370c3d6911c"
  integrity sha512-v2kDEe57lecTulaDIuNTPy3Ry4gLGJ6Z1O3vE1krgXZNrsQ+LFTGHVxVjcXPs17LhbZVGedAJv8XZ1tvj5FvSg==

vuetify@^2.7.2:
  version "2.7.2"
  resolved "https://registry.yarnpkg.com/vuetify/-/vuetify-2.7.2.tgz#b2b687e519257d789a63b87c418f98099f38990f"
  integrity sha512-qr04ww7uzAPQbpk751x4fSdjsJ+zREzjQ/rBlcQGuWS6MIMFMXcXcwvp4+/tnGsULZxPMWfQ0kmZmg5Yc/XzgQ==
